// !$*UTF8*$!
{
	archiveVersion = 1;
	classes = {
	};
	objectVersion = 50;
	objects = {

/* Begin PBXBuildFile section */
		76723C642436D0BE006CA8AC /* AppDelegate.m in Sources */ = {isa = PBXBuildFile; fileRef = 76723C632436D0BE006CA8AC /* AppDelegate.m */; };
		76723C672436D0BE006CA8AC /* SceneDelegate.m in Sources */ = {isa = PBXBuildFile; fileRef = 76723C662436D0BE006CA8AC /* SceneDelegate.m */; };
		76723C6D2436D0BE006CA8AC /* Main.storyboard in Resources */ = {isa = PBXBuildFile; fileRef = 76723C6B2436D0BE006CA8AC /* Main.storyboard */; };
		76723C702436D0BE006CA8AC /* MemoObjC.xcdatamodeld in Sources */ = {isa = PBXBuildFile; fileRef = 76723C6E2436D0BE006CA8AC /* MemoObjC.xcdatamodeld */; };
		76723C722436D0C0006CA8AC /* Assets.xcassets in Resources */ = {isa = PBXBuildFile; fileRef = 76723C712436D0C0006CA8AC /* Assets.xcassets */; };
		76723C752436D0C0006CA8AC /* LaunchScreen.storyboard in Resources */ = {isa = PBXBuildFile; fileRef = 76723C732436D0C0006CA8AC /* LaunchScreen.storyboard */; };
		76723C782436D0C0006CA8AC /* main.m in Sources */ = {isa = PBXBuildFile; fileRef = 76723C772436D0C0006CA8AC /* main.m */; };
/* End PBXBuildFile section */

/* Begin PBXFileReference section */
		76723C5F2436D0BE006CA8AC /* Memo.app */ = {isa = PBXFileReference; explicitFileType = wrapper.application; includeInIndex = 0; path = Memo.app; sourceTree = BUILT_PRODUCTS_DIR; };
		76723C622436D0BE006CA8AC /* AppDelegate.h */ = {isa = PBXFileReference; lastKnownFileType = sourcecode.c.h; path = AppDelegate.h; sourceTree = "<group>"; };
		76723C632436D0BE006CA8AC /* AppDelegate.m */ = {isa = PBXFileReference; lastKnownFileType = sourcecode.c.objc; path = AppDelegate.m; sourceTree = "<group>"; };
		76723C652436D0BE006CA8AC /* SceneDelegate.h */ = {isa = PBXFileReference; lastKnownFileType = sourcecode.c.h; path = SceneDelegate.h; sourceTree = "<group>"; };
		76723C662436D0BE006CA8AC /* SceneDelegate.m */ = {isa = PBXFileReference; lastKnownFileType = sourcecode.c.objc; path = SceneDelegate.m; sourceTree = "<group>"; };
		76723C6C2436D0BE006CA8AC /* Base */ = {isa = PBXFileReference; lastKnownFileType = file.storyboard; name = Base; path = Base.lproj/Main.storyboard; sourceTree = "<group>"; };
		76723C6F2436D0BE006CA8AC /* MemoObjC.xcdatamodel */ = {isa = PBXFileReference; lastKnownFileType = wrapper.xcdatamodel; path = MemoObjC.xcdatamodel; sourceTree = "<group>"; };
		76723C712436D0C0006CA8AC /* Assets.xcassets */ = {isa = PBXFileReference; lastKnownFileType = folder.assetcatalog; path = Assets.xcassets; sourceTree = "<group>"; };
		76723C742436D0C0006CA8AC /* Base */ = {isa = PBXFileReference; lastKnownFileType = file.storyboard; name = Base; path = Base.lproj/LaunchScreen.storyboard; sourceTree = "<group>"; };
		76723C762436D0C0006CA8AC /* Info.plist */ = {isa = PBXFileReference; lastKnownFileType = text.plist.xml; path = Info.plist; sourceTree = "<group>"; };
		76723C772436D0C0006CA8AC /* main.m */ = {isa = PBXFileReference; lastKnownFileType = sourcecode.c.objc; path = main.m; sourceTree = "<group>"; };
/* End PBXFileReference section */

/* Begin PBXFrameworksBuildPhase section */
		76723C5C2436D0BE006CA8AC /* Frameworks */ = {
			isa = PBXFrameworksBuildPhase;
			buildActionMask = 2147483647;
			files = (
			);
			runOnlyForDeploymentPostprocessing = 0;
		};
/* End PBXFrameworksBuildPhase section */

/* Begin PBXGroup section */
		76723C562436D0BE006CA8AC = {
			isa = PBXGroup;
			children = (
				76723C612436D0BE006CA8AC /* MemoObjC */,
				76723C602436D0BE006CA8AC /* Products */,
			);
			sourceTree = "<group>";
		};
		76723C602436D0BE006CA8AC /* Products */ = {
			isa = PBXGroup;
			children = (
				76723C5F2436D0BE006CA8AC /* Memo.app */,
			);
			name = Products;
			sourceTree = "<group>";
		};
		76723C612436D0BE006CA8AC /* MemoObjC */ = {
			isa = PBXGroup;
			children = (
				76723C7E2436D1B1006CA8AC /* AppDelegate */,
				76723C7F2436D1BD006CA8AC /* Resource */,
				76723C812436D1E0006CA8AC /* View */,
				76723C6E2436D0BE006CA8AC /* MemoObjC.xcdatamodeld */,
			);
			path = MemoObjC;
			sourceTree = "<group>";
		};
		76723C7E2436D1B1006CA8AC /* AppDelegate */ = {
			isa = PBXGroup;
			children = (
				76723C622436D0BE006CA8AC /* AppDelegate.h */,
				76723C632436D0BE006CA8AC /* AppDelegate.m */,
				76723C652436D0BE006CA8AC /* SceneDelegate.h */,
				76723C662436D0BE006CA8AC /* SceneDelegate.m */,
			);
			path = AppDelegate;
			sourceTree = "<group>";
		};
		76723C7F2436D1BD006CA8AC /* Resource */ = {
			isa = PBXGroup;
			children = (
				76723C712436D0C0006CA8AC /* Assets.xcassets */,
				76723C762436D0C0006CA8AC /* Info.plist */,
			);
			path = Resource;
			sourceTree = "<group>";
		};
		76723C802436D1D5006CA8AC /* Launch */ = {
			isa = PBXGroup;
			children = (
				76723C732436D0C0006CA8AC /* LaunchScreen.storyboard */,
			);
			path = Launch;
			sourceTree = "<group>";
		};
		76723C812436D1E0006CA8AC /* View */ = {
			isa = PBXGroup;
			children = (
				76723C802436D1D5006CA8AC /* Launch */,
				76723C822436D1F0006CA8AC /* Main */,
			);
			path = View;
			sourceTree = "<group>";
		};
		76723C822436D1F0006CA8AC /* Main */ = {
			isa = PBXGroup;
			children = (
				76723C6B2436D0BE006CA8AC /* Main.storyboard */,
				76723C772436D0C0006CA8AC /* main.m */,
			);
			path = Main;
			sourceTree = "<group>";
		};
/* End PBXGroup section */

/* Begin PBXNativeTarget section */
		76723C5E2436D0BE006CA8AC /* MemoObjC */ = {
			isa = PBXNativeTarget;
			buildConfigurationList = 76723C7B2436D0C0006CA8AC /* Build configuration list for PBXNativeTarget "MemoObjC" */;
			buildPhases = (
				76723C5B2436D0BE006CA8AC /* Sources */,
				76723C5C2436D0BE006CA8AC /* Frameworks */,
				76723C5D2436D0BE006CA8AC /* Resources */,
			);
			buildRules = (
			);
			dependencies = (
			);
			name = MemoObjC;
			productName = MemoObjC;
			productReference = 76723C5F2436D0BE006CA8AC /* Memo.app */;
			productType = "com.apple.product-type.application";
		};
/* End PBXNativeTarget section */

/* Begin PBXProject section */
		76723C572436D0BE006CA8AC /* Project object */ = {
			isa = PBXProject;
			attributes = {
				LastUpgradeCheck = 1140;
				ORGANIZATIONNAME = Moonift;
				TargetAttributes = {
					76723C5E2436D0BE006CA8AC = {
						CreatedOnToolsVersion = 11.4;
					};
				};
			};
			buildConfigurationList = 76723C5A2436D0BE006CA8AC /* Build configuration list for PBXProject "MemoObjC" */;
			compatibilityVersion = "Xcode 9.3";
			developmentRegion = en;
			hasScannedForEncodings = 0;
			knownRegions = (
				en,
				Base,
			);
			mainGroup = 76723C562436D0BE006CA8AC;
			productRefGroup = 76723C602436D0BE006CA8AC /* Products */;
			projectDirPath = "";
			projectRoot = "";
			targets = (
				76723C5E2436D0BE006CA8AC /* MemoObjC */,
			);
		};
/* End PBXProject section */

/* Begin PBXResourcesBuildPhase section */
		76723C5D2436D0BE006CA8AC /* Resources */ = {
			isa = PBXResourcesBuildPhase;
			buildActionMask = 2147483647;
			files = (
				76723C752436D0C0006CA8AC /* LaunchScreen.storyboard in Resources */,
				76723C722436D0C0006CA8AC /* Assets.xcassets in Resources */,
				76723C6D2436D0BE006CA8AC /* Main.storyboard in Resources */,
			);
			runOnlyForDeploymentPostprocessing = 0;
		};
/* End PBXResourcesBuildPhase section */

/* Begin PBXSourcesBuildPhase section */
		76723C5B2436D0BE006CA8AC /* Sources */ = {
			isa = PBXSourcesBuildPhase;
			buildActionMask = 2147483647;
			files = (
				76723C782436D0C0006CA8AC /* main.m in Sources */,
				76723C702436D0BE006CA8AC /* MemoObjC.xcdatamodeld in Sources */,
				76723C642436D0BE006CA8AC /* AppDelegate.m in Sources */,
				76723C672436D0BE006CA8AC /* SceneDelegate.m in Sources */,
			);
			runOnlyForDeploymentPostprocessing = 0;
		};
/* End PBXSourcesBuildPhase section */

/* Begin PBXVariantGroup section */
		76723C6B2436D0BE006CA8AC /* Main.storyboard */ = {
			isa = PBXVariantGroup;
			children = (
				76723C6C2436D0BE006CA8AC /* Base */,
			);
			name = Main.storyboard;
			sourceTree = "<group>";
		};
		76723C732436D0C0006CA8AC /* LaunchScreen.storyboard */ = {
			isa = PBXVariantGroup;
			children = (
				76723C742436D0C0006CA8AC /* Base */,
			);
			name = LaunchScreen.storyboard;
			sourceTree = "<group>";
		};
/* End PBXVariantGroup section */

/* Begin XCBuildConfiguration section */
		76723C792436D0C0006CA8AC /* Debug */ = {
			isa = XCBuildConfiguration;
			buildSettings = {
				ALWAYS_SEARCH_USER_PATHS = NO;
				CLANG_ANALYZER_NONNULL = YES;
				CLANG_ANALYZER_NUMBER_OBJECT_CONVERSION = YES_AGGRESSIVE;
				CLANG_CXX_LANGUAGE_STANDARD = "gnu++14";
				CLANG_CXX_LIBRARY = "libc++";
				CLANG_ENABLE_MODULES = YES;
				CLANG_ENABLE_OBJC_ARC = YES;
				CLANG_ENABLE_OBJC_WEAK = YES;
				CLANG_WARN_BLOCK_CAPTURE_AUTORELEASING = YES;
				CLANG_WARN_BOOL_CONVERSION = YES;
				CLANG_WARN_COMMA = YES;
				CLANG_WARN_CONSTANT_CONVERSION = YES;
				CLANG_WARN_DEPRECATED_OBJC_IMPLEMENTATIONS = YES;
				CLANG_WARN_DIRECT_OBJC_ISA_USAGE = YES_ERROR;
				CLANG_WARN_DOCUMENTATION_COMMENTS = YES;
				CLANG_WARN_EMPTY_BODY = YES;
				CLANG_WARN_ENUM_CONVERSION = YES;
				CLANG_WARN_INFINITE_RECURSION = YES;
				CLANG_WARN_INT_CONVERSION = YES;
				CLANG_WARN_NON_LITERAL_NULL_CONVERSION = YES;
				CLANG_WARN_OBJC_IMPLICIT_RETAIN_SELF = YES;
				CLANG_WARN_OBJC_LITERAL_CONVERSION = YES;
				CLANG_WARN_OBJC_ROOT_CLASS = YES_ERROR;
				CLANG_WARN_RANGE_LOOP_ANALYSIS = YES;
				CLANG_WARN_STRICT_PROTOTYPES = YES;
				CLANG_WARN_SUSPICIOUS_MOVE = YES;
				CLANG_WARN_UNGUARDED_AVAILABILITY = YES_AGGRESSIVE;
				CLANG_WARN_UNREACHABLE_CODE = YES;
				CLANG_WARN__DUPLICATE_METHOD_MATCH = YES;
				COPY_PHASE_STRIP = NO;
				DEBUG_INFORMATION_FORMAT = dwarf;
				ENABLE_STRICT_OBJC_MSGSEND = YES;
				ENABLE_TESTABILITY = YES;
				GCC_C_LANGUAGE_STANDARD = gnu11;
				GCC_DYNAMIC_NO_PIC = NO;
				GCC_NO_COMMON_BLOCKS = YES;
				GCC_OPTIMIZATION_LEVEL = 0;
				GCC_PREPROCESSOR_DEFINITIONS = (
					"DEBUG=1",
					"$(inherited)",
				);
				GCC_WARN_64_TO_32_BIT_CONVERSION = YES;
				GCC_WARN_ABOUT_RETURN_TYPE = YES_ERROR;
				GCC_WARN_UNDECLARED_SELECTOR = YES;
				GCC_WARN_UNINITIALIZED_AUTOS = YES_AGGRESSIVE;
				GCC_WARN_UNUSED_FUNCTION = YES;
				GCC_WARN_UNUSED_VARIABLE = YES;
				IPHONEOS_DEPLOYMENT_TARGET = 13.4;
				MTL_ENABLE_DEBUG_INFO = INCLUDE_SOURCE;
				MTL_FAST_MATH = YES;
				ONLY_ACTIVE_ARCH = YES;
				SDKROOT = iphoneos;
			};
			name = Debug;
		};
		76723C7A2436D0C0006CA8AC /* Release */ = {
			isa = XCBuildConfiguration;
			buildSettings = {
				ALWAYS_SEARCH_USER_PATHS = NO;
				CLANG_ANALYZER_NONNULL = YES;
				CLANG_ANALYZER_NUMBER_OBJECT_CONVERSION = YES_AGGRESSIVE;
				CLANG_CXX_LANGUAGE_STANDARD = "gnu++14";
				CLANG_CXX_LIBRARY = "libc++";
				CLANG_ENABLE_MODULES = YES;
				CLANG_ENABLE_OBJC_ARC = YES;
				CLANG_ENABLE_OBJC_WEAK = YES;
				CLANG_WARN_BLOCK_CAPTURE_AUTORELEASING = YES;
				CLANG_WARN_BOOL_CONVERSION = YES;
				CLANG_WARN_COMMA = YES;
				CLANG_WARN_CONSTANT_CONVERSION = YES;
				CLANG_WARN_DEPRECATED_OBJC_IMPLEMENTATIONS = YES;
				CLANG_WARN_DIRECT_OBJC_ISA_USAGE = YES_ERROR;
				CLANG_WARN_DOCUMENTATION_COMMENTS = YES;
				CLANG_WARN_EMPTY_BODY = YES;
				CLANG_WARN_ENUM_CONVERSION = YES;
				CLANG_WARN_INFINITE_RECURSION = YES;
				CLANG_WARN_INT_CONVERSION = YES;
				CLANG_WARN_NON_LITERAL_NULL_CONVERSION = YES;
				CLANG_WARN_OBJC_IMPLICIT_RETAIN_SELF = YES;
				CLANG_WARN_OBJC_LITERAL_CONVERSION = YES;
				CLANG_WARN_OBJC_ROOT_CLASS = YES_ERROR;
				CLANG_WARN_RANGE_LOOP_ANALYSIS = YES;
				CLANG_WARN_STRICT_PROTOTYPES = YES;
				CLANG_WARN_SUSPICIOUS_MOVE = YES;
				CLANG_WARN_UNGUARDED_AVAILABILITY = YES_AGGRESSIVE;
				CLANG_WARN_UNREACHABLE_CODE = YES;
				CLANG_WARN__DUPLICATE_METHOD_MATCH = YES;
				COPY_PHASE_STRIP = NO;
				DEBUG_INFORMATION_FORMAT = "dwarf-with-dsym";
				ENABLE_NS_ASSERTIONS = NO;
				ENABLE_STRICT_OBJC_MSGSEND = YES;
				GCC_C_LANGUAGE_STANDARD = gnu11;
				GCC_NO_COMMON_BLOCKS = YES;
				GCC_WARN_64_TO_32_BIT_CONVERSION = YES;
				GCC_WARN_ABOUT_RETURN_TYPE = YES_ERROR;
				GCC_WARN_UNDECLARED_SELECTOR = YES;
				GCC_WARN_UNINITIALIZED_AUTOS = YES_AGGRESSIVE;
				GCC_WARN_UNUSED_FUNCTION = YES;
				GCC_WARN_UNUSED_VARIABLE = YES;
				IPHONEOS_DEPLOYMENT_TARGET = 13.4;
				MTL_ENABLE_DEBUG_INFO = NO;
				MTL_FAST_MATH = YES;
				SDKROOT = iphoneos;
				VALIDATE_PRODUCT = YES;
			};
			name = Release;
		};
		76723C7C2436D0C0006CA8AC /* Debug */ = {
			isa = XCBuildConfiguration;
			buildSettings = {
				ASSETCATALOG_COMPILER_APPICON_NAME = AppIcon;
				CODE_SIGN_STYLE = Automatic;
				DEVELOPMENT_TEAM = 994BWAVX9G;
				INFOPLIST_FILE = MemoObjC/Resource/Info.plist;
				IPHONEOS_DEPLOYMENT_TARGET = 10.0;
				LD_RUNPATH_SEARCH_PATHS = (
					"$(inherited)",
					"@executable_path/Frameworks",
				);
				PRODUCT_BUNDLE_IDENTIFIER = com.Moonift.MemoObjC;
				PRODUCT_NAME = Memo;
				TARGETED_DEVICE_FAMILY = 1;
			};
			name = Debug;
		};
		76723C7D2436D0C0006CA8AC /* Release */ = {
			isa = XCBuildConfiguration;
			buildSettings = {
				ASSETCATALOG_COMPILER_APPICON_NAME = AppIcon;
				CODE_SIGN_STYLE = Automatic;
				DEVELOPMENT_TEAM = 994BWAVX9G;
				INFOPLIST_FILE = MemoObjC/Resource/Info.plist;
				IPHONEOS_DEPLOYMENT_TARGET = 10.0;
				LD_RUNPATH_SEARCH_PATHS = (
					"$(inherited)",
					"@executable_path/Frameworks",
				);
				PRODUCT_BUNDLE_IDENTIFIER = com.Moonift.MemoObjC;
				PRODUCT_NAME = Memo;
				TARGETED_DEVICE_FAMILY = 1;
			};
			name = Release;
		};
/* End XCBuildConfiguration section */

/* Begin XCConfigurationList section */
		76723C5A2436D0BE006CA8AC /* Build configuration list for PBXProject "MemoObjC" */ = {
			isa = XCConfigurationList;
			buildConfigurations = (
				76723C792436D0C0006CA8AC /* Debug */,
				76723C7A2436D0C0006CA8AC /* Release */,
			);
			defaultConfigurationIsVisible = 0;
			defaultConfigurationName = Release;
		};
		76723C7B2436D0C0006CA8AC /* Build configuration list for PBXNativeTarget "MemoObjC" */ = {
			isa = XCConfigurationList;
			buildConfigurations = (
				76723C7C2436D0C0006CA8AC /* Debug */,
				76723C7D2436D0C0006CA8AC /* Release */,
			);
			defaultConfigurationIsVisible = 0;
			defaultConfigurationName = Release;
		};
/* End XCConfigurationList section */

/* Begin XCVersionGroup section */
		76723C6E2436D0BE006CA8AC /* MemoObjC.xcdatamodeld */ = {
			isa = XCVersionGroup;
			children = (
				76723C6F2436D0BE006CA8AC /* MemoObjC.xcdatamodel */,
			);
			currentVersion = 76723C6F2436D0BE006CA8AC /* MemoObjC.xcdatamodel */;
			path = MemoObjC.xcdatamodeld;
			sourceTree = "<group>";
			versionGroupType = wrapper.xcdatamodel;
		};
/* End XCVersionGroup section */
	};
	rootObject = 76723C572436D0BE006CA8AC /* Project object */;
}
